
Microsoft Visual Studio Solution File, Format Version 12.00
# Visual Studio Version 18
VisualStudioVersion = 18.0.11012.119 d18.0
MinimumVisualStudioVersion = 10.0.40219.1
Project("{FAE04EC0-301F-11D3-BF4B-00C04F79EFBC}") = "SilklessCoop", "SilklessCoop.csproj", "{0AB9F345-A163-4332-9A69-F34D019E964D}"
EndProject
Global
	GlobalSection(SolutionConfigurationPlatforms) = preSolution
		Debug|Any CPU = Debug|Any CPU
		Release|Any CPU = Release|Any CPU
	EndGlobalSection
	GlobalSection(ProjectConfigurationPlatforms) = postSolution
		{0AB9F345-A163-4332-9A69-F34D019E964D}.Debug|Any CPU.ActiveCfg = Debug|Any CPU
		{0AB9F345-A163-4332-9A69-F34D019E964D}.Debug|Any CPU.Build.0 = Debug|Any CPU
		{0AB9F345-A163-4332-9A69-F34D019E964D}.Release|Any CPU.ActiveCfg = Release|Any CPU
		{0AB9F345-A163-4332-9A69-F34D019E964D}.Release|Any CPU.Build.0 = Release|Any CPU
	EndGlobalSection
	GlobalSection(SolutionProperties) = preSolution
		HideSolutionNode = FALSE
	EndGlobalSection
	GlobalSection(ExtensibilityGlobals) = postSolution
		SolutionGuid = {2AD4F0D1-8514-4776-9B35-9771278319A7}
	EndGlobalSection
EndGlobal
